
Microsoft Visual Studio Solution File, Format Version 12.00
# Visual Studio Version 17
VisualStudioVersion = 17.5.2.0
MinimumVisualStudioVersion = 10.0.40219.1
Project("{2150E333-8FDC-42A3-9474-1A3956D46DE8}") = "Examples", "Examples", "{550748EF-2419-472E-94A7-BAD951F188F5}"
EndProject
Project("{9A19103F-16F7-4668-BE54-9A1E7A4F7556}") = "TopLevel", "Examples\TopLevel\TopLevel.csproj", "{4019591E-9B60-4FE5-98F7-DE8661E3EBDA}"
EndProject
Project("{2150E333-8FDC-42A3-9474-1A3956D46DE8}") = "Labs", "Labs", "{92CDD1A2-8A63-4212-92E0-337D9B677DA2}"
EndProject
Project("{2150E333-8FDC-42A3-9474-1A3956D46DE8}") = "VisualStudio", "VisualStudio", "{83487D3A-8A89-44F6-9837-FA6907FA0150}"
EndProject
Project("{9A19103F-16F7-4668-BE54-9A1E7A4F7556}") = "VSSolution", "Labs\VisualStudio\Solution\VSSolution.csproj", "{61FBFDEA-BE33-49AF-8786-28DD7375D7AA}"
EndProject
Project("{2150E333-8FDC-42A3-9474-1A3956D46DE8}") = "Syntax", "Syntax", "{F9FA07BA-33FE-41B2-8EF8-B3179B02856F}"
EndProject
Project("{FAE04EC0-301F-11D3-BF4B-00C04F79EFBC}") = "SyntaxSolution", "Labs\Syntax\Solution\SyntaxSolution.csproj", "{144697B8-19D9-4ECB-987E-477BCE2CB6E2}"
EndProject
Project("{2150E333-8FDC-42A3-9474-1A3956D46DE8}") = "Methods", "Methods", "{280DFE07-4488-41E5-961B-AB755528E4A4}"
EndProject
Project("{FAE04EC0-301F-11D3-BF4B-00C04F79EFBC}") = "Methods", "Labs\Methods\Solution\Methods.csproj", "{0BC7ADF8-3783-401C-AC89-716A1EA75CAD}"
EndProject
Project("{FAE04EC0-301F-11D3-BF4B-00C04F79EFBC}") = "LogTrace", "Labs\LogTrace\Solution\LogTrace.csproj", "{EEE4CB00-06B2-48DC-8014-22B4EB24252F}"
EndProject
Project("{FAE04EC0-301F-11D3-BF4B-00C04F79EFBC}") = "ExceptionsExample", "Examples\Exceptions\ExceptionsExample.csproj", "{77C7BEA5-C35E-482B-9AAE-FBF715A65A83}"
EndProject
Project("{2150E333-8FDC-42A3-9474-1A3956D46DE8}") = "Exceptions", "Exceptions", "{1619472C-8F8A-4B52-81CE-6201DF578AA6}"
EndProject
Project("{FAE04EC0-301F-11D3-BF4B-00C04F79EFBC}") = "Exceptions", "Labs\Exceptions\Solution\Exceptions.csproj", "{304CA10B-248F-42AC-9E9D-F54D95C5139B}"
EndProject
Project("{FAE04EC0-301F-11D3-BF4B-00C04F79EFBC}") = "Tuples", "Labs\Tuples\Solution\Tuples.csproj", "{7D63CEA9-A6E8-4F61-B7B1-44D47B302640}"
EndProject
Project("{2150E333-8FDC-42A3-9474-1A3956D46DE8}") = "Records", "Records", "{D88AA5BB-1555-4193-AD0A-E302F226D273}"
EndProject
Project("{2150E333-8FDC-42A3-9474-1A3956D46DE8}") = "Solution", "Solution", "{B6B583FE-F207-418C-A3E5-3421AE6BA213}"
EndProject
Project("{FAE04EC0-301F-11D3-BF4B-00C04F79EFBC}") = "Records", "Labs\Records\Solution\Records\Records.csproj", "{C03BFFA6-1B73-446C-80BF-B65FA05F3FC0}"
EndProject
Project("{2150E333-8FDC-42A3-9474-1A3956D46DE8}") = "Deconstruction", "Deconstruction", "{E6351AA3-7CD1-4BA9-B79D-CAE01005D9B2}"
EndProject
Project("{2150E333-8FDC-42A3-9474-1A3956D46DE8}") = "Solution", "Solution", "{333FB73B-90E9-496E-B1C0-93FB70EEAA25}"
EndProject
Project("{FAE04EC0-301F-11D3-BF4B-00C04F79EFBC}") = "Deconstruction", "Labs\Deconstruction\Solution\Deconstruction\Deconstruction.csproj", "{AC344039-11F8-4D47-B5F3-F3627008E8F9}"
EndProject
Project("{2150E333-8FDC-42A3-9474-1A3956D46DE8}") = "Nullable", "Nullable", "{E08583E2-CDA4-4906-9EDC-A553E6695D90}"
EndProject
Project("{2150E333-8FDC-42A3-9474-1A3956D46DE8}") = "Solution", "Solution", "{C8191C77-B245-46F8-85D3-CCF8EFA164C2}"
EndProject
Project("{FAE04EC0-301F-11D3-BF4B-00C04F79EFBC}") = "ConsoleApp1", "Labs\Nullable\Solution\ConsoleApp1\ConsoleApp1.csproj", "{37C60BDA-DAC3-461F-892B-CE267CC6D538}"
EndProject
Project("{2150E333-8FDC-42A3-9474-1A3956D46DE8}") = "Struct", "Struct", "{DDAE9A01-DCEE-4184-B1B2-D3470969DC3C}"
EndProject
Project("{2150E333-8FDC-42A3-9474-1A3956D46DE8}") = "Solution", "Solution", "{F9940DDD-8AD9-49AE-B8D0-4199237D2298}"
EndProject
Project("{FAE04EC0-301F-11D3-BF4B-00C04F79EFBC}") = "Struct", "Labs\Struct\Solution\Struct\Struct.csproj", "{12DB9727-DB0B-40DB-954C-A6F6C681696C}"
EndProject
Project("{2150E333-8FDC-42A3-9474-1A3956D46DE8}") = "Enum", "Enum", "{71A55E68-A5F6-4ADD-9B01-14F7045A3B67}"
EndProject
Project("{2150E333-8FDC-42A3-9474-1A3956D46DE8}") = "Solution", "Solution", "{CC8B7D6D-DA6F-4D80-B9B8-D33D5DAF32B1}"
EndProject
Project("{FAE04EC0-301F-11D3-BF4B-00C04F79EFBC}") = "Enum", "Labs\Enum\Solution\Enum\Enum.csproj", "{D1501621-E5F0-4724-865F-2335E1769E5C}"
EndProject
Project("{2150E333-8FDC-42A3-9474-1A3956D46DE8}") = "Classes", "Classes", "{878FF753-33B5-427C-AFC3-FECCD943E183}"
EndProject
Project("{2150E333-8FDC-42A3-9474-1A3956D46DE8}") = "Solution", "Solution", "{94CAE766-491D-453B-97E2-EA1B37B5DB05}"
EndProject
Project("{FAE04EC0-301F-11D3-BF4B-00C04F79EFBC}") = "Classes", "Labs\Classes\Solution\Classes\Classes.csproj", "{686E0F21-E300-440E-8676-5FB7F2AF7A00}"
EndProject
Project("{2150E333-8FDC-42A3-9474-1A3956D46DE8}") = "AdvancedClasses", "AdvancedClasses", "{DD1A08C3-2750-448E-AF91-1CF7D7F6F66A}"
EndProject
Project("{FAE04EC0-301F-11D3-BF4B-00C04F79EFBC}") = "AdvancedClasses", "Labs\AdvancedClasses\Solution\AdvancedClasses.csproj", "{C71BD3D1-6C3B-4EF0-8283-F02AA0F3ECAD}"
EndProject
Project("{2150E333-8FDC-42A3-9474-1A3956D46DE8}") = "Generics", "Generics", "{C88C71F1-F9D8-472B-ACDB-A41A8204A376}"
EndProject
Project("{FAE04EC0-301F-11D3-BF4B-00C04F79EFBC}") = "Generics", "Labs\Generics\Generics\Generics.csproj", "{809C6679-D2C2-4315-911A-98967CC372D0}"
EndProject
Project("{2150E333-8FDC-42A3-9474-1A3956D46DE8}") = "Solution", "Solution", "{77BB3EC6-F8E3-44BB-9A2B-EA4074A0794A}"
EndProject
Project("{FAE04EC0-301F-11D3-BF4B-00C04F79EFBC}") = "GenericsSolution", "Labs\Generics\Solution\GenericsSolution\GenericsSolution.csproj", "{53C26433-5808-4F7D-AF04-0DDB651E9E87}"
EndProject
Project("{2150E333-8FDC-42A3-9474-1A3956D46DE8}") = "Iterators", "Iterators", "{962F8E4E-2306-48E4-BB8A-E77A7C9F9BDA}"
EndProject
Project("{FAE04EC0-301F-11D3-BF4B-00C04F79EFBC}") = "IteratorSolution", "Labs\Iterators\Solution\IteratorSolution.csproj", "{7072021B-920C-4410-8B65-741936468165}"
EndProject
Project("{2150E333-8FDC-42A3-9474-1A3956D46DE8}") = "Collections", "Collections", "{2F8CD107-78BE-41AA-AF1F-547C4D7058CE}"
EndProject
Project("{FAE04EC0-301F-11D3-BF4B-00C04F79EFBC}") = "CollectionsSolution", "Labs\Collections\Solution\CollectionsSolution.csproj", "{63481F56-746B-4968-9F9A-E5A2A2297922}"
EndProject
Project("{2150E333-8FDC-42A3-9474-1A3956D46DE8}") = "Delegates", "Delegates", "{527C32E3-EE65-4384-9D7A-72FCA5628A8B}"
EndProject
Project("{FAE04EC0-301F-11D3-BF4B-00C04F79EFBC}") = "DelegateSolution", "Labs\Delegates\Solution\DelegateSolution.csproj", "{470EC021-8DC0-4DC2-A891-8FF417BA8061}"
EndProject
Project("{2150E333-8FDC-42A3-9474-1A3956D46DE8}") = "Events", "Events", "{5AF13B54-B5D7-4D32-938B-C07D288F5BE8}"
EndProject
Project("{FAE04EC0-301F-11D3-BF4B-00C04F79EFBC}") = "EventsSolution", "Labs\Events\Solution\EventsSolution.csproj", "{8CC9F5E8-B418-487C-971F-E221FD5470AE}"
EndProject
Project("{2150E333-8FDC-42A3-9474-1A3956D46DE8}") = "Lambdas", "Lambdas", "{C089F536-F1A2-4DA5-8018-87243C7185B0}"
EndProject
Project("{FAE04EC0-301F-11D3-BF4B-00C04F79EFBC}") = "LambdaSolution", "Labs\Lambdas\Solution\LambdaSolution.csproj", "{4D5C9203-C2CB-438A-950F-7B5C37E4A310}"
EndProject
Project("{2150E333-8FDC-42A3-9474-1A3956D46DE8}") = "Inheritance", "Inheritance", "{BA02A0B4-E2CF-47CC-91F2-DD8DA21EBDB0}"
EndProject
Project("{FAE04EC0-301F-11D3-BF4B-00C04F79EFBC}") = "InheritanceSolution", "Labs\Inheritance\Solution\InheritanceSolution.csproj", "{11AB89B7-7189-4A41-A338-0FE162B96EAE}"
EndProject
Project("{2150E333-8FDC-42A3-9474-1A3956D46DE8}") = "Interfaces", "Interfaces", "{E768A62D-E070-40B8-B953-781CE307B780}"
EndProject
Project("{FAE04EC0-301F-11D3-BF4B-00C04F79EFBC}") = "InterfaceSolution", "Labs\Interfaces\Solution\InterfaceSolution.csproj", "{5F2D1630-52FB-4442-8D2D-DD4EF8C31F30}"
EndProject
Project("{FAE04EC0-301F-11D3-BF4B-00C04F79EFBC}") = "JsonExamples", "Examples\JsonExamples\JsonExamples.csproj", "{332D1596-D490-49C1-AF82-2E9414A5A621}"
EndProject
Project("{2150E333-8FDC-42A3-9474-1A3956D46DE8}") = "Streams", "Streams", "{809A0F3E-75A6-481E-A7FF-A7AD2F24565F}"
EndProject
Project("{2150E333-8FDC-42A3-9474-1A3956D46DE8}") = "Solution", "Solution", "{94104553-A255-4120-9608-1A2C23D1960D}"
EndProject
Project("{FAE04EC0-301F-11D3-BF4B-00C04F79EFBC}") = "StreamsSolution", "Labs\Streams\Solution\StreamsSolution\StreamsSolution.csproj", "{C1C52257-848A-4822-827F-3BC1B69B31CE}"
EndProject
Project("{2150E333-8FDC-42A3-9474-1A3956D46DE8}") = "RemoteData", "RemoteData", "{DAD265B5-CF80-40A8-85F5-A4FBA2B67DF1}"
EndProject
Project("{2150E333-8FDC-42A3-9474-1A3956D46DE8}") = "Solution", "Solution", "{90202046-534F-46BC-A835-3F766BE66D29}"
EndProject
Project("{FAE04EC0-301F-11D3-BF4B-00C04F79EFBC}") = "RemoteData", "Labs\RemoteData\Solution\RemoteData\RemoteData.csproj", "{9577E80D-D261-4079-ADA5-74754D13653C}"
EndProject
Project("{2150E333-8FDC-42A3-9474-1A3956D46DE8}") = "Linq", "Linq", "{4495CC91-351B-4F20-B108-79313ECB0540}"
EndProject
Project("{2150E333-8FDC-42A3-9474-1A3956D46DE8}") = "Solution", "Solution", "{1B05BAA8-C3F4-4536-8888-8B27719C014D}"
EndProject
Project("{FAE04EC0-301F-11D3-BF4B-00C04F79EFBC}") = "Linq", "Labs\Linq\Solution\Linq\Linq.csproj", "{C9DDB456-60FD-42C2-8637-6BB365693726}"
EndProject
Project("{2150E333-8FDC-42A3-9474-1A3956D46DE8}") = "Reflection", "Reflection", "{4FDAF4D2-16C2-40D5-8702-077FD7EC8961}"
EndProject
Project("{2150E333-8FDC-42A3-9474-1A3956D46DE8}") = "Solution", "Solution", "{09EE8CCF-4427-442E-8030-FAA950FD16FE}"
EndProject
Project("{FAE04EC0-301F-11D3-BF4B-00C04F79EFBC}") = "Reflection", "Labs\Reflection\Solution\Reflection\Reflection.csproj", "{05AF76BB-382A-44C1-97F7-56625F2AE0E7}"
EndProject
Project("{2150E333-8FDC-42A3-9474-1A3956D46DE8}") = "EFModels", "EFModels", "{9167B02E-491B-4FEE-A5D0-9E9E63526CB4}"
EndProject
Project("{FAE04EC0-301F-11D3-BF4B-00C04F79EFBC}") = "EFModels", "Labs\EFModels\Solution\EFModels.csproj", "{63E53B46-A3CE-42E5-8113-73ADC555C8F8}"
EndProject
Project("{2150E333-8FDC-42A3-9474-1A3956D46DE8}") = "ASPNetMvc", "ASPNetMvc", "{1AC18A23-C7BE-4244-9150-9E2D9D08AD36}"
EndProject
Project("{FAE04EC0-301F-11D3-BF4B-00C04F79EFBC}") = "BeerMvc", "Labs\ASPNetMvc\BeerMvc\BeerMvc.csproj", "{C8198AA8-5C63-425A-906B-725D21BE2F83}"
EndProject
Project("{2150E333-8FDC-42A3-9474-1A3956D46DE8}") = "Tasks", "Tasks", "{58DBC5F9-AF6B-4A14-8542-D1E1156350B8}"
EndProject
Project("{2150E333-8FDC-42A3-9474-1A3956D46DE8}") = "Solution", "Solution", "{90F547DD-CFF9-4525-B74A-DFBAA6C2E83B}"
EndProject
Project("{FAE04EC0-301F-11D3-BF4B-00C04F79EFBC}") = "Tasks", "Labs\Tasks\Solution\Tasks\Tasks.csproj", "{B7A27FA5-F27C-4D6E-B631-CA8B15F2A4C3}"
EndProject
Project("{2150E333-8FDC-42A3-9474-1A3956D46DE8}") = "BeerBlazor", "BeerBlazor", "{9F9E4CD4-F61E-407A-AB00-D2B3308A59C9}"
EndProject
Project("{FAE04EC0-301F-11D3-BF4B-00C04F79EFBC}") = "BeerBlazor", "Labs\BeerBlazor\BeerBlazor\BeerBlazor.csproj", "{FC23C939-E562-4374-A945-0DAAA2E52B78}"
EndProject
Project("{FAE04EC0-301F-11D3-BF4B-00C04F79EFBC}") = "BeerBlazor.Client", "Labs\BeerBlazor\BeerBlazor.Client\BeerBlazor.Client.csproj", "{238E7BC3-7848-4961-B37A-4AB1803C7261}"
EndProject
Project("{FAE04EC0-301F-11D3-BF4B-00C04F79EFBC}") = "BeerMaui", "Labs\BeerMaui\BeerMaui.csproj", "{A52DDA18-62D6-4AC0-B6B6-474BFD50F73F}"
EndProject
Global
	GlobalSection(SolutionConfigurationPlatforms) = preSolution
		Debug|Any CPU = Debug|Any CPU
		Release|Any CPU = Release|Any CPU
	EndGlobalSection
	GlobalSection(ProjectConfigurationPlatforms) = postSolution
		{4019591E-9B60-4FE5-98F7-DE8661E3EBDA}.Debug|Any CPU.ActiveCfg = Debug|Any CPU
		{4019591E-9B60-4FE5-98F7-DE8661E3EBDA}.Debug|Any CPU.Build.0 = Debug|Any CPU
		{4019591E-9B60-4FE5-98F7-DE8661E3EBDA}.Release|Any CPU.ActiveCfg = Release|Any CPU
		{4019591E-9B60-4FE5-98F7-DE8661E3EBDA}.Release|Any CPU.Build.0 = Release|Any CPU
		{61FBFDEA-BE33-49AF-8786-28DD7375D7AA}.Debug|Any CPU.ActiveCfg = Debug|Any CPU
		{61FBFDEA-BE33-49AF-8786-28DD7375D7AA}.Debug|Any CPU.Build.0 = Debug|Any CPU
		{61FBFDEA-BE33-49AF-8786-28DD7375D7AA}.Release|Any CPU.ActiveCfg = Release|Any CPU
		{61FBFDEA-BE33-49AF-8786-28DD7375D7AA}.Release|Any CPU.Build.0 = Release|Any CPU
		{144697B8-19D9-4ECB-987E-477BCE2CB6E2}.Debug|Any CPU.ActiveCfg = Debug|Any CPU
		{144697B8-19D9-4ECB-987E-477BCE2CB6E2}.Debug|Any CPU.Build.0 = Debug|Any CPU
		{144697B8-19D9-4ECB-987E-477BCE2CB6E2}.Release|Any CPU.ActiveCfg = Release|Any CPU
		{144697B8-19D9-4ECB-987E-477BCE2CB6E2}.Release|Any CPU.Build.0 = Release|Any CPU
		{0BC7ADF8-3783-401C-AC89-716A1EA75CAD}.Debug|Any CPU.ActiveCfg = Debug|Any CPU
		{0BC7ADF8-3783-401C-AC89-716A1EA75CAD}.Debug|Any CPU.Build.0 = Debug|Any CPU
		{0BC7ADF8-3783-401C-AC89-716A1EA75CAD}.Release|Any CPU.ActiveCfg = Release|Any CPU
		{0BC7ADF8-3783-401C-AC89-716A1EA75CAD}.Release|Any CPU.Build.0 = Release|Any CPU
		{EEE4CB00-06B2-48DC-8014-22B4EB24252F}.Debug|Any CPU.ActiveCfg = Debug|Any CPU
		{EEE4CB00-06B2-48DC-8014-22B4EB24252F}.Debug|Any CPU.Build.0 = Debug|Any CPU
		{EEE4CB00-06B2-48DC-8014-22B4EB24252F}.Release|Any CPU.ActiveCfg = Release|Any CPU
		{EEE4CB00-06B2-48DC-8014-22B4EB24252F}.Release|Any CPU.Build.0 = Release|Any CPU
		{77C7BEA5-C35E-482B-9AAE-FBF715A65A83}.Debug|Any CPU.ActiveCfg = Debug|Any CPU
		{77C7BEA5-C35E-482B-9AAE-FBF715A65A83}.Debug|Any CPU.Build.0 = Debug|Any CPU
		{77C7BEA5-C35E-482B-9AAE-FBF715A65A83}.Release|Any CPU.ActiveCfg = Release|Any CPU
		{77C7BEA5-C35E-482B-9AAE-FBF715A65A83}.Release|Any CPU.Build.0 = Release|Any CPU
		{304CA10B-248F-42AC-9E9D-F54D95C5139B}.Debug|Any CPU.ActiveCfg = Debug|Any CPU
		{304CA10B-248F-42AC-9E9D-F54D95C5139B}.Debug|Any CPU.Build.0 = Debug|Any CPU
		{304CA10B-248F-42AC-9E9D-F54D95C5139B}.Release|Any CPU.ActiveCfg = Release|Any CPU
		{304CA10B-248F-42AC-9E9D-F54D95C5139B}.Release|Any CPU.Build.0 = Release|Any CPU
		{7D63CEA9-A6E8-4F61-B7B1-44D47B302640}.Debug|Any CPU.ActiveCfg = Debug|Any CPU
		{7D63CEA9-A6E8-4F61-B7B1-44D47B302640}.Debug|Any CPU.Build.0 = Debug|Any CPU
		{7D63CEA9-A6E8-4F61-B7B1-44D47B302640}.Release|Any CPU.ActiveCfg = Release|Any CPU
		{7D63CEA9-A6E8-4F61-B7B1-44D47B302640}.Release|Any CPU.Build.0 = Release|Any CPU
		{C03BFFA6-1B73-446C-80BF-B65FA05F3FC0}.Debug|Any CPU.ActiveCfg = Debug|Any CPU
		{C03BFFA6-1B73-446C-80BF-B65FA05F3FC0}.Debug|Any CPU.Build.0 = Debug|Any CPU
		{C03BFFA6-1B73-446C-80BF-B65FA05F3FC0}.Release|Any CPU.ActiveCfg = Release|Any CPU
		{C03BFFA6-1B73-446C-80BF-B65FA05F3FC0}.Release|Any CPU.Build.0 = Release|Any CPU
		{AC344039-11F8-4D47-B5F3-F3627008E8F9}.Debug|Any CPU.ActiveCfg = Debug|Any CPU
		{AC344039-11F8-4D47-B5F3-F3627008E8F9}.Debug|Any CPU.Build.0 = Debug|Any CPU
		{AC344039-11F8-4D47-B5F3-F3627008E8F9}.Release|Any CPU.ActiveCfg = Release|Any CPU
		{AC344039-11F8-4D47-B5F3-F3627008E8F9}.Release|Any CPU.Build.0 = Release|Any CPU
		{37C60BDA-DAC3-461F-892B-CE267CC6D538}.Debug|Any CPU.ActiveCfg = Debug|Any CPU
		{37C60BDA-DAC3-461F-892B-CE267CC6D538}.Debug|Any CPU.Build.0 = Debug|Any CPU
		{37C60BDA-DAC3-461F-892B-CE267CC6D538}.Release|Any CPU.ActiveCfg = Release|Any CPU
		{37C60BDA-DAC3-461F-892B-CE267CC6D538}.Release|Any CPU.Build.0 = Release|Any CPU
		{12DB9727-DB0B-40DB-954C-A6F6C681696C}.Debug|Any CPU.ActiveCfg = Debug|Any CPU
		{12DB9727-DB0B-40DB-954C-A6F6C681696C}.Debug|Any CPU.Build.0 = Debug|Any CPU
		{12DB9727-DB0B-40DB-954C-A6F6C681696C}.Release|Any CPU.ActiveCfg = Release|Any CPU
		{12DB9727-DB0B-40DB-954C-A6F6C681696C}.Release|Any CPU.Build.0 = Release|Any CPU
		{D1501621-E5F0-4724-865F-2335E1769E5C}.Debug|Any CPU.ActiveCfg = Debug|Any CPU
		{D1501621-E5F0-4724-865F-2335E1769E5C}.Debug|Any CPU.Build.0 = Debug|Any CPU
		{D1501621-E5F0-4724-865F-2335E1769E5C}.Release|Any CPU.ActiveCfg = Release|Any CPU
		{D1501621-E5F0-4724-865F-2335E1769E5C}.Release|Any CPU.Build.0 = Release|Any CPU
		{686E0F21-E300-440E-8676-5FB7F2AF7A00}.Debug|Any CPU.ActiveCfg = Debug|Any CPU
		{686E0F21-E300-440E-8676-5FB7F2AF7A00}.Debug|Any CPU.Build.0 = Debug|Any CPU
		{686E0F21-E300-440E-8676-5FB7F2AF7A00}.Release|Any CPU.ActiveCfg = Release|Any CPU
		{686E0F21-E300-440E-8676-5FB7F2AF7A00}.Release|Any CPU.Build.0 = Release|Any CPU
		{C71BD3D1-6C3B-4EF0-8283-F02AA0F3ECAD}.Debug|Any CPU.ActiveCfg = Debug|Any CPU
		{C71BD3D1-6C3B-4EF0-8283-F02AA0F3ECAD}.Debug|Any CPU.Build.0 = Debug|Any CPU
		{C71BD3D1-6C3B-4EF0-8283-F02AA0F3ECAD}.Release|Any CPU.ActiveCfg = Release|Any CPU
		{C71BD3D1-6C3B-4EF0-8283-F02AA0F3ECAD}.Release|Any CPU.Build.0 = Release|Any CPU
		{809C6679-D2C2-4315-911A-98967CC372D0}.Debug|Any CPU.ActiveCfg = Debug|Any CPU
		{809C6679-D2C2-4315-911A-98967CC372D0}.Debug|Any CPU.Build.0 = Debug|Any CPU
		{809C6679-D2C2-4315-911A-98967CC372D0}.Release|Any CPU.ActiveCfg = Release|Any CPU
		{809C6679-D2C2-4315-911A-98967CC372D0}.Release|Any CPU.Build.0 = Release|Any CPU
		{53C26433-5808-4F7D-AF04-0DDB651E9E87}.Debug|Any CPU.ActiveCfg = Debug|Any CPU
		{53C26433-5808-4F7D-AF04-0DDB651E9E87}.Debug|Any CPU.Build.0 = Debug|Any CPU
		{53C26433-5808-4F7D-AF04-0DDB651E9E87}.Release|Any CPU.ActiveCfg = Release|Any CPU
		{53C26433-5808-4F7D-AF04-0DDB651E9E87}.Release|Any CPU.Build.0 = Release|Any CPU
		{7072021B-920C-4410-8B65-741936468165}.Debug|Any CPU.ActiveCfg = Debug|Any CPU
		{7072021B-920C-4410-8B65-741936468165}.Debug|Any CPU.Build.0 = Debug|Any CPU
		{7072021B-920C-4410-8B65-741936468165}.Release|Any CPU.ActiveCfg = Release|Any CPU
		{7072021B-920C-4410-8B65-741936468165}.Release|Any CPU.Build.0 = Release|Any CPU
		{63481F56-746B-4968-9F9A-E5A2A2297922}.Debug|Any CPU.ActiveCfg = Debug|Any CPU
		{63481F56-746B-4968-9F9A-E5A2A2297922}.Debug|Any CPU.Build.0 = Debug|Any CPU
		{63481F56-746B-4968-9F9A-E5A2A2297922}.Release|Any CPU.ActiveCfg = Release|Any CPU
		{63481F56-746B-4968-9F9A-E5A2A2297922}.Release|Any CPU.Build.0 = Release|Any CPU
		{470EC021-8DC0-4DC2-A891-8FF417BA8061}.Debug|Any CPU.ActiveCfg = Debug|Any CPU
		{470EC021-8DC0-4DC2-A891-8FF417BA8061}.Debug|Any CPU.Build.0 = Debug|Any CPU
		{470EC021-8DC0-4DC2-A891-8FF417BA8061}.Release|Any CPU.ActiveCfg = Release|Any CPU
		{470EC021-8DC0-4DC2-A891-8FF417BA8061}.Release|Any CPU.Build.0 = Release|Any CPU
		{8CC9F5E8-B418-487C-971F-E221FD5470AE}.Debug|Any CPU.ActiveCfg = Debug|Any CPU
		{8CC9F5E8-B418-487C-971F-E221FD5470AE}.Debug|Any CPU.Build.0 = Debug|Any CPU
		{8CC9F5E8-B418-487C-971F-E221FD5470AE}.Release|Any CPU.ActiveCfg = Release|Any CPU
		{8CC9F5E8-B418-487C-971F-E221FD5470AE}.Release|Any CPU.Build.0 = Release|Any CPU
		{4D5C9203-C2CB-438A-950F-7B5C37E4A310}.Debug|Any CPU.ActiveCfg = Debug|Any CPU
		{4D5C9203-C2CB-438A-950F-7B5C37E4A310}.Debug|Any CPU.Build.0 = Debug|Any CPU
		{4D5C9203-C2CB-438A-950F-7B5C37E4A310}.Release|Any CPU.ActiveCfg = Release|Any CPU
		{4D5C9203-C2CB-438A-950F-7B5C37E4A310}.Release|Any CPU.Build.0 = Release|Any CPU
		{11AB89B7-7189-4A41-A338-0FE162B96EAE}.Debug|Any CPU.ActiveCfg = Debug|Any CPU
		{11AB89B7-7189-4A41-A338-0FE162B96EAE}.Debug|Any CPU.Build.0 = Debug|Any CPU
		{11AB89B7-7189-4A41-A338-0FE162B96EAE}.Release|Any CPU.ActiveCfg = Release|Any CPU
		{11AB89B7-7189-4A41-A338-0FE162B96EAE}.Release|Any CPU.Build.0 = Release|Any CPU
		{5F2D1630-52FB-4442-8D2D-DD4EF8C31F30}.Debug|Any CPU.ActiveCfg = Debug|Any CPU
		{5F2D1630-52FB-4442-8D2D-DD4EF8C31F30}.Debug|Any CPU.Build.0 = Debug|Any CPU
		{5F2D1630-52FB-4442-8D2D-DD4EF8C31F30}.Release|Any CPU.ActiveCfg = Release|Any CPU
		{5F2D1630-52FB-4442-8D2D-DD4EF8C31F30}.Release|Any CPU.Build.0 = Release|Any CPU
		{332D1596-D490-49C1-AF82-2E9414A5A621}.Debug|Any CPU.ActiveCfg = Debug|Any CPU
		{332D1596-D490-49C1-AF82-2E9414A5A621}.Debug|Any CPU.Build.0 = Debug|Any CPU
		{332D1596-D490-49C1-AF82-2E9414A5A621}.Release|Any CPU.ActiveCfg = Release|Any CPU
		{332D1596-D490-49C1-AF82-2E9414A5A621}.Release|Any CPU.Build.0 = Release|Any CPU
		{C1C52257-848A-4822-827F-3BC1B69B31CE}.Debug|Any CPU.ActiveCfg = Debug|Any CPU
		{C1C52257-848A-4822-827F-3BC1B69B31CE}.Debug|Any CPU.Build.0 = Debug|Any CPU
		{C1C52257-848A-4822-827F-3BC1B69B31CE}.Release|Any CPU.ActiveCfg = Release|Any CPU
		{C1C52257-848A-4822-827F-3BC1B69B31CE}.Release|Any CPU.Build.0 = Release|Any CPU
		{9577E80D-D261-4079-ADA5-74754D13653C}.Debug|Any CPU.ActiveCfg = Debug|Any CPU
		{9577E80D-D261-4079-ADA5-74754D13653C}.Debug|Any CPU.Build.0 = Debug|Any CPU
		{9577E80D-D261-4079-ADA5-74754D13653C}.Release|Any CPU.ActiveCfg = Release|Any CPU
		{9577E80D-D261-4079-ADA5-74754D13653C}.Release|Any CPU.Build.0 = Release|Any CPU
		{C9DDB456-60FD-42C2-8637-6BB365693726}.Debug|Any CPU.ActiveCfg = Debug|Any CPU
		{C9DDB456-60FD-42C2-8637-6BB365693726}.Debug|Any CPU.Build.0 = Debug|Any CPU
		{C9DDB456-60FD-42C2-8637-6BB365693726}.Release|Any CPU.ActiveCfg = Release|Any CPU
		{C9DDB456-60FD-42C2-8637-6BB365693726}.Release|Any CPU.Build.0 = Release|Any CPU
		{05AF76BB-382A-44C1-97F7-56625F2AE0E7}.Debug|Any CPU.ActiveCfg = Debug|Any CPU
		{05AF76BB-382A-44C1-97F7-56625F2AE0E7}.Debug|Any CPU.Build.0 = Debug|Any CPU
		{05AF76BB-382A-44C1-97F7-56625F2AE0E7}.Release|Any CPU.ActiveCfg = Release|Any CPU
		{05AF76BB-382A-44C1-97F7-56625F2AE0E7}.Release|Any CPU.Build.0 = Release|Any CPU
		{63E53B46-A3CE-42E5-8113-73ADC555C8F8}.Debug|Any CPU.ActiveCfg = Debug|Any CPU
		{63E53B46-A3CE-42E5-8113-73ADC555C8F8}.Debug|Any CPU.Build.0 = Debug|Any CPU
		{63E53B46-A3CE-42E5-8113-73ADC555C8F8}.Release|Any CPU.ActiveCfg = Release|Any CPU
		{63E53B46-A3CE-42E5-8113-73ADC555C8F8}.Release|Any CPU.Build.0 = Release|Any CPU
		{C8198AA8-5C63-425A-906B-725D21BE2F83}.Debug|Any CPU.ActiveCfg = Debug|Any CPU
		{C8198AA8-5C63-425A-906B-725D21BE2F83}.Debug|Any CPU.Build.0 = Debug|Any CPU
		{C8198AA8-5C63-425A-906B-725D21BE2F83}.Release|Any CPU.ActiveCfg = Release|Any CPU
		{C8198AA8-5C63-425A-906B-725D21BE2F83}.Release|Any CPU.Build.0 = Release|Any CPU
		{B7A27FA5-F27C-4D6E-B631-CA8B15F2A4C3}.Debug|Any CPU.ActiveCfg = Debug|Any CPU
		{B7A27FA5-F27C-4D6E-B631-CA8B15F2A4C3}.Debug|Any CPU.Build.0 = Debug|Any CPU
		{B7A27FA5-F27C-4D6E-B631-CA8B15F2A4C3}.Release|Any CPU.ActiveCfg = Release|Any CPU
		{B7A27FA5-F27C-4D6E-B631-CA8B15F2A4C3}.Release|Any CPU.Build.0 = Release|Any CPU
		{FC23C939-E562-4374-A945-0DAAA2E52B78}.Debug|Any CPU.ActiveCfg = Debug|Any CPU
		{FC23C939-E562-4374-A945-0DAAA2E52B78}.Debug|Any CPU.Build.0 = Debug|Any CPU
		{FC23C939-E562-4374-A945-0DAAA2E52B78}.Release|Any CPU.ActiveCfg = Release|Any CPU
		{FC23C939-E562-4374-A945-0DAAA2E52B78}.Release|Any CPU.Build.0 = Release|Any CPU
		{238E7BC3-7848-4961-B37A-4AB1803C7261}.Debug|Any CPU.ActiveCfg = Debug|Any CPU
		{238E7BC3-7848-4961-B37A-4AB1803C7261}.Debug|Any CPU.Build.0 = Debug|Any CPU
		{238E7BC3-7848-4961-B37A-4AB1803C7261}.Release|Any CPU.ActiveCfg = Release|Any CPU
		{238E7BC3-7848-4961-B37A-4AB1803C7261}.Release|Any CPU.Build.0 = Release|Any CPU
		{A52DDA18-62D6-4AC0-B6B6-474BFD50F73F}.Debug|Any CPU.ActiveCfg = Debug|Any CPU
		{A52DDA18-62D6-4AC0-B6B6-474BFD50F73F}.Debug|Any CPU.Build.0 = Debug|Any CPU
		{A52DDA18-62D6-4AC0-B6B6-474BFD50F73F}.Release|Any CPU.ActiveCfg = Release|Any CPU
		{A52DDA18-62D6-4AC0-B6B6-474BFD50F73F}.Release|Any CPU.Build.0 = Release|Any CPU
	EndGlobalSection
	GlobalSection(SolutionProperties) = preSolution
		HideSolutionNode = FALSE
	EndGlobalSection
	GlobalSection(NestedProjects) = preSolution
		{4019591E-9B60-4FE5-98F7-DE8661E3EBDA} = {550748EF-2419-472E-94A7-BAD951F188F5}
		{83487D3A-8A89-44F6-9837-FA6907FA0150} = {92CDD1A2-8A63-4212-92E0-337D9B677DA2}
		{61FBFDEA-BE33-49AF-8786-28DD7375D7AA} = {83487D3A-8A89-44F6-9837-FA6907FA0150}
		{F9FA07BA-33FE-41B2-8EF8-B3179B02856F} = {92CDD1A2-8A63-4212-92E0-337D9B677DA2}
		{144697B8-19D9-4ECB-987E-477BCE2CB6E2} = {F9FA07BA-33FE-41B2-8EF8-B3179B02856F}
		{280DFE07-4488-41E5-961B-AB755528E4A4} = {92CDD1A2-8A63-4212-92E0-337D9B677DA2}
		{0BC7ADF8-3783-401C-AC89-716A1EA75CAD} = {280DFE07-4488-41E5-961B-AB755528E4A4}
		{EEE4CB00-06B2-48DC-8014-22B4EB24252F} = {92CDD1A2-8A63-4212-92E0-337D9B677DA2}
		{77C7BEA5-C35E-482B-9AAE-FBF715A65A83} = {550748EF-2419-472E-94A7-BAD951F188F5}
		{1619472C-8F8A-4B52-81CE-6201DF578AA6} = {92CDD1A2-8A63-4212-92E0-337D9B677DA2}
		{304CA10B-248F-42AC-9E9D-F54D95C5139B} = {1619472C-8F8A-4B52-81CE-6201DF578AA6}
		{7D63CEA9-A6E8-4F61-B7B1-44D47B302640} = {92CDD1A2-8A63-4212-92E0-337D9B677DA2}
		{D88AA5BB-1555-4193-AD0A-E302F226D273} = {92CDD1A2-8A63-4212-92E0-337D9B677DA2}
		{B6B583FE-F207-418C-A3E5-3421AE6BA213} = {D88AA5BB-1555-4193-AD0A-E302F226D273}
		{C03BFFA6-1B73-446C-80BF-B65FA05F3FC0} = {B6B583FE-F207-418C-A3E5-3421AE6BA213}
		{E6351AA3-7CD1-4BA9-B79D-CAE01005D9B2} = {92CDD1A2-8A63-4212-92E0-337D9B677DA2}
		{333FB73B-90E9-496E-B1C0-93FB70EEAA25} = {E6351AA3-7CD1-4BA9-B79D-CAE01005D9B2}
		{AC344039-11F8-4D47-B5F3-F3627008E8F9} = {333FB73B-90E9-496E-B1C0-93FB70EEAA25}
		{E08583E2-CDA4-4906-9EDC-A553E6695D90} = {92CDD1A2-8A63-4212-92E0-337D9B677DA2}
		{C8191C77-B245-46F8-85D3-CCF8EFA164C2} = {E08583E2-CDA4-4906-9EDC-A553E6695D90}
		{37C60BDA-DAC3-461F-892B-CE267CC6D538} = {C8191C77-B245-46F8-85D3-CCF8EFA164C2}
		{DDAE9A01-DCEE-4184-B1B2-D3470969DC3C} = {92CDD1A2-8A63-4212-92E0-337D9B677DA2}
		{F9940DDD-8AD9-49AE-B8D0-4199237D2298} = {DDAE9A01-DCEE-4184-B1B2-D3470969DC3C}
		{12DB9727-DB0B-40DB-954C-A6F6C681696C} = {F9940DDD-8AD9-49AE-B8D0-4199237D2298}
		{71A55E68-A5F6-4ADD-9B01-14F7045A3B67} = {92CDD1A2-8A63-4212-92E0-337D9B677DA2}
		{CC8B7D6D-DA6F-4D80-B9B8-D33D5DAF32B1} = {71A55E68-A5F6-4ADD-9B01-14F7045A3B67}
		{D1501621-E5F0-4724-865F-2335E1769E5C} = {CC8B7D6D-DA6F-4D80-B9B8-D33D5DAF32B1}
		{878FF753-33B5-427C-AFC3-FECCD943E183} = {92CDD1A2-8A63-4212-92E0-337D9B677DA2}
		{94CAE766-491D-453B-97E2-EA1B37B5DB05} = {878FF753-33B5-427C-AFC3-FECCD943E183}
		{686E0F21-E300-440E-8676-5FB7F2AF7A00} = {94CAE766-491D-453B-97E2-EA1B37B5DB05}
		{DD1A08C3-2750-448E-AF91-1CF7D7F6F66A} = {92CDD1A2-8A63-4212-92E0-337D9B677DA2}
		{C71BD3D1-6C3B-4EF0-8283-F02AA0F3ECAD} = {DD1A08C3-2750-448E-AF91-1CF7D7F6F66A}
		{C88C71F1-F9D8-472B-ACDB-A41A8204A376} = {92CDD1A2-8A63-4212-92E0-337D9B677DA2}
		{809C6679-D2C2-4315-911A-98967CC372D0} = {C88C71F1-F9D8-472B-ACDB-A41A8204A376}
		{77BB3EC6-F8E3-44BB-9A2B-EA4074A0794A} = {C88C71F1-F9D8-472B-ACDB-A41A8204A376}
		{53C26433-5808-4F7D-AF04-0DDB651E9E87} = {77BB3EC6-F8E3-44BB-9A2B-EA4074A0794A}
		{962F8E4E-2306-48E4-BB8A-E77A7C9F9BDA} = {92CDD1A2-8A63-4212-92E0-337D9B677DA2}
		{7072021B-920C-4410-8B65-741936468165} = {962F8E4E-2306-48E4-BB8A-E77A7C9F9BDA}
		{2F8CD107-78BE-41AA-AF1F-547C4D7058CE} = {92CDD1A2-8A63-4212-92E0-337D9B677DA2}
		{63481F56-746B-4968-9F9A-E5A2A2297922} = {2F8CD107-78BE-41AA-AF1F-547C4D7058CE}
		{527C32E3-EE65-4384-9D7A-72FCA5628A8B} = {92CDD1A2-8A63-4212-92E0-337D9B677DA2}
		{470EC021-8DC0-4DC2-A891-8FF417BA8061} = {527C32E3-EE65-4384-9D7A-72FCA5628A8B}
		{5AF13B54-B5D7-4D32-938B-C07D288F5BE8} = {92CDD1A2-8A63-4212-92E0-337D9B677DA2}
		{8CC9F5E8-B418-487C-971F-E221FD5470AE} = {5AF13B54-B5D7-4D32-938B-C07D288F5BE8}
		{C089F536-F1A2-4DA5-8018-87243C7185B0} = {92CDD1A2-8A63-4212-92E0-337D9B677DA2}
		{4D5C9203-C2CB-438A-950F-7B5C37E4A310} = {C089F536-F1A2-4DA5-8018-87243C7185B0}
		{BA02A0B4-E2CF-47CC-91F2-DD8DA21EBDB0} = {92CDD1A2-8A63-4212-92E0-337D9B677DA2}
		{11AB89B7-7189-4A41-A338-0FE162B96EAE} = {BA02A0B4-E2CF-47CC-91F2-DD8DA21EBDB0}
		{E768A62D-E070-40B8-B953-781CE307B780} = {92CDD1A2-8A63-4212-92E0-337D9B677DA2}
		{5F2D1630-52FB-4442-8D2D-DD4EF8C31F30} = {E768A62D-E070-40B8-B953-781CE307B780}
		{332D1596-D490-49C1-AF82-2E9414A5A621} = {550748EF-2419-472E-94A7-BAD951F188F5}
		{809A0F3E-75A6-481E-A7FF-A7AD2F24565F} = {92CDD1A2-8A63-4212-92E0-337D9B677DA2}
		{94104553-A255-4120-9608-1A2C23D1960D} = {809A0F3E-75A6-481E-A7FF-A7AD2F24565F}
		{C1C52257-848A-4822-827F-3BC1B69B31CE} = {94104553-A255-4120-9608-1A2C23D1960D}
		{DAD265B5-CF80-40A8-85F5-A4FBA2B67DF1} = {92CDD1A2-8A63-4212-92E0-337D9B677DA2}
		{90202046-534F-46BC-A835-3F766BE66D29} = {DAD265B5-CF80-40A8-85F5-A4FBA2B67DF1}
		{9577E80D-D261-4079-ADA5-74754D13653C} = {90202046-534F-46BC-A835-3F766BE66D29}
		{4495CC91-351B-4F20-B108-79313ECB0540} = {92CDD1A2-8A63-4212-92E0-337D9B677DA2}
		{1B05BAA8-C3F4-4536-8888-8B27719C014D} = {4495CC91-351B-4F20-B108-79313ECB0540}
		{C9DDB456-60FD-42C2-8637-6BB365693726} = {1B05BAA8-C3F4-4536-8888-8B27719C014D}
		{4FDAF4D2-16C2-40D5-8702-077FD7EC8961} = {92CDD1A2-8A63-4212-92E0-337D9B677DA2}
		{09EE8CCF-4427-442E-8030-FAA950FD16FE} = {4FDAF4D2-16C2-40D5-8702-077FD7EC8961}
		{05AF76BB-382A-44C1-97F7-56625F2AE0E7} = {09EE8CCF-4427-442E-8030-FAA950FD16FE}
		{9167B02E-491B-4FEE-A5D0-9E9E63526CB4} = {92CDD1A2-8A63-4212-92E0-337D9B677DA2}
		{63E53B46-A3CE-42E5-8113-73ADC555C8F8} = {9167B02E-491B-4FEE-A5D0-9E9E63526CB4}
		{1AC18A23-C7BE-4244-9150-9E2D9D08AD36} = {92CDD1A2-8A63-4212-92E0-337D9B677DA2}
		{C8198AA8-5C63-425A-906B-725D21BE2F83} = {1AC18A23-C7BE-4244-9150-9E2D9D08AD36}
		{58DBC5F9-AF6B-4A14-8542-D1E1156350B8} = {92CDD1A2-8A63-4212-92E0-337D9B677DA2}
		{90F547DD-CFF9-4525-B74A-DFBAA6C2E83B} = {58DBC5F9-AF6B-4A14-8542-D1E1156350B8}
		{B7A27FA5-F27C-4D6E-B631-CA8B15F2A4C3} = {90F547DD-CFF9-4525-B74A-DFBAA6C2E83B}
		{9F9E4CD4-F61E-407A-AB00-D2B3308A59C9} = {92CDD1A2-8A63-4212-92E0-337D9B677DA2}
		{FC23C939-E562-4374-A945-0DAAA2E52B78} = {9F9E4CD4-F61E-407A-AB00-D2B3308A59C9}
		{238E7BC3-7848-4961-B37A-4AB1803C7261} = {9F9E4CD4-F61E-407A-AB00-D2B3308A59C9}
		{A52DDA18-62D6-4AC0-B6B6-474BFD50F73F} = {92CDD1A2-8A63-4212-92E0-337D9B677DA2}
	EndGlobalSection
	GlobalSection(ExtensibilityGlobals) = postSolution
		SolutionGuid = {8F993D75-5D68-4D8E-96EE-DFD62EA9AD50}
	EndGlobalSection
EndGlobal
